// !$*UTF8*$!
{
	archiveVersion = 1;
	classes = {
	};
	objectVersion = 55;
	objects = {

/* Begin PBXBuildFile section */
		317D0F722C0501EA0035611B /* Developer-mim-OE-License in Resources */ = {isa = PBXBuildFile; fileRef = 317D0F712C0501EA0035611B /* Developer-mim-OE-License */; };
		31817D13270F788E00962DDE /* Developer-ID-Token in Resources */ = {isa = PBXBuildFile; fileRef = 31817D12270F788E00962DDE /* Developer-ID-Token */; };
		319ECA6B270BA59900A5E19C /* Random_Number_Generator_ExampleApp.swift in Sources */ = {isa = PBXBuildFile; fileRef = 319ECA6A270BA59900A5E19C /* Random_Number_Generator_ExampleApp.swift */; };
		319ECA6D270BA59900A5E19C /* ContentView.swift in Sources */ = {isa = PBXBuildFile; fileRef = 319ECA6C270BA59900A5E19C /* ContentView.swift */; };
		319ECA6F270BA59A00A5E19C /* Assets.xcassets in Resources */ = {isa = PBXBuildFile; fileRef = 319ECA6E270BA59A00A5E19C /* Assets.xcassets */; };
		319ECA72270BA59A00A5E19C /* Preview Assets.xcassets in Resources */ = {isa = PBXBuildFile; fileRef = 319ECA71270BA59A00A5E19C /* Preview Assets.xcassets */; };
		31DCC23C270F881900CBFC6F /* MainActivity.swift in Sources */ = {isa = PBXBuildFile; fileRef = 31DCC23B270F881900CBFC6F /* MainActivity.swift */; };
		31F9D82F2717841900FB34FA /* randomnumber_v1.tar in Resources */ = {isa = PBXBuildFile; fileRef = 31F9D82E2717841900FB34FA /* randomnumber_v1.tar */; };
		5D78DAFF79993F56F4ACA87C /* Pods_Random_Number_Generator_Example.framework in Frameworks */ = {isa = PBXBuildFile; fileRef = 0D2106D95720D78C656D02C5 /* Pods_Random_Number_Generator_Example.framework */; };
/* End PBXBuildFile section */

/* Begin PBXFileReference section */
		0D2106D95720D78C656D02C5 /* Pods_Random_Number_Generator_Example.framework */ = {isa = PBXFileReference; explicitFileType = wrapper.framework; includeInIndex = 0; path = Pods_Random_Number_Generator_Example.framework; sourceTree = BUILT_PRODUCTS_DIR; };
		317D0F712C0501EA0035611B /* Developer-mim-OE-License */ = {isa = PBXFileReference; fileEncoding = 4; lastKnownFileType = text; path = "Developer-mim-OE-License"; sourceTree = SOURCE_ROOT; };
		31817D12270F788E00962DDE /* Developer-ID-Token */ = {isa = PBXFileReference; fileEncoding = 4; lastKnownFileType = text; path = "Developer-ID-Token"; sourceTree = SOURCE_ROOT; };
		319ECA67270BA59900A5E19C /* Random-Number-Generator-Example.app */ = {isa = PBXFileReference; explicitFileType = wrapper.application; includeInIndex = 0; path = "Random-Number-Generator-Example.app"; sourceTree = BUILT_PRODUCTS_DIR; };
		319ECA6A270BA59900A5E19C /* Random_Number_Generator_ExampleApp.swift */ = {isa = PBXFileReference; lastKnownFileType = sourcecode.swift; path = Random_Number_Generator_ExampleApp.swift; sourceTree = "<group>"; };
		319ECA6C270BA59900A5E19C /* ContentView.swift */ = {isa = PBXFileReference; lastKnownFileType = sourcecode.swift; path = ContentView.swift; sourceTree = "<group>"; };
		319ECA6E270BA59A00A5E19C /* Assets.xcassets */ = {isa = PBXFileReference; lastKnownFileType = folder.assetcatalog; path = Assets.xcassets; sourceTree = "<group>"; };
		319ECA71270BA59A00A5E19C /* Preview Assets.xcassets */ = {isa = PBXFileReference; lastKnownFileType = folder.assetcatalog; path = "Preview Assets.xcassets"; sourceTree = "<group>"; };
		31DCC23B270F881900CBFC6F /* MainActivity.swift */ = {isa = PBXFileReference; lastKnownFileType = sourcecode.swift; path = MainActivity.swift; sourceTree = "<group>"; };
		31F9D82E2717841900FB34FA /* randomnumber_v1.tar */ = {isa = PBXFileReference; lastKnownFileType = archive.tar; path = randomnumber_v1.tar; sourceTree = SOURCE_ROOT; };
		91809A89FD1A0BD477E89E42 /* Pods-Random-Number-Generator-Example.release.xcconfig */ = {isa = PBXFileReference; includeInIndex = 1; lastKnownFileType = text.xcconfig; name = "Pods-Random-Number-Generator-Example.release.xcconfig"; path = "Target Support Files/Pods-Random-Number-Generator-Example/Pods-Random-Number-Generator-Example.release.xcconfig"; sourceTree = "<group>"; };
		E850FDA9E3105439121D46D9 /* Pods-Random-Number-Generator-Example.debug.xcconfig */ = {isa = PBXFileReference; includeInIndex = 1; lastKnownFileType = text.xcconfig; name = "Pods-Random-Number-Generator-Example.debug.xcconfig"; path = "Target Support Files/Pods-Random-Number-Generator-Example/Pods-Random-Number-Generator-Example.debug.xcconfig"; sourceTree = "<group>"; };
/* End PBXFileReference section */

/* Begin PBXFrameworksBuildPhase section */
		319ECA64270BA59900A5E19C /* Frameworks */ = {
			isa = PBXFrameworksBuildPhase;
			buildActionMask = 2147483647;
			files = (
				5D78DAFF79993F56F4ACA87C /* Pods_Random_Number_Generator_Example.framework in Frameworks */,
			);
			runOnlyForDeploymentPostprocessing = 0;
		};
/* End PBXFrameworksBuildPhase section */

/* Begin PBXGroup section */
		12921CE6223F1E68E90E6FE9 /* Frameworks */ = {
			isa = PBXGroup;
			children = (
				0D2106D95720D78C656D02C5 /* Pods_Random_Number_Generator_Example.framework */,
			);
			name = Frameworks;
			sourceTree = "<group>";
		};
		319ECA5E270BA59900A5E19C = {
			isa = PBXGroup;
			children = (
				319ECA69270BA59900A5E19C /* Random-Number-Generator-Example */,
				319ECA68270BA59900A5E19C /* Products */,
				417B0E58FA8F2C73FD0CD5DF /* Pods */,
				12921CE6223F1E68E90E6FE9 /* Frameworks */,
			);
			sourceTree = "<group>";
		};
		319ECA68270BA59900A5E19C /* Products */ = {
			isa = PBXGroup;
			children = (
				319ECA67270BA59900A5E19C /* Random-Number-Generator-Example.app */,
			);
			name = Products;
			sourceTree = "<group>";
		};
		319ECA69270BA59900A5E19C /* Random-Number-Generator-Example */ = {
			isa = PBXGroup;
			children = (
				31DCC23B270F881900CBFC6F /* MainActivity.swift */,
				319ECA6C270BA59900A5E19C /* ContentView.swift */,
				319ECA6A270BA59900A5E19C /* Random_Number_Generator_ExampleApp.swift */,
				319ECA6E270BA59A00A5E19C /* Assets.xcassets */,
				31817D12270F788E00962DDE /* Developer-ID-Token */,
				317D0F712C0501EA0035611B /* Developer-mim-OE-License */,
				31F9D82E2717841900FB34FA /* randomnumber_v1.tar */,
				319ECA70270BA59A00A5E19C /* Preview Content */,
			);
			path = "Random-Number-Generator-Example";
			sourceTree = "<group>";
		};
		319ECA70270BA59A00A5E19C /* Preview Content */ = {
			isa = PBXGroup;
			children = (
				319ECA71270BA59A00A5E19C /* Preview Assets.xcassets */,
			);
			path = "Preview Content";
			sourceTree = "<group>";
		};
		417B0E58FA8F2C73FD0CD5DF /* Pods */ = {
			isa = PBXGroup;
			children = (
				E850FDA9E3105439121D46D9 /* Pods-Random-Number-Generator-Example.debug.xcconfig */,
				91809A89FD1A0BD477E89E42 /* Pods-Random-Number-Generator-Example.release.xcconfig */,
			);
			path = Pods;
			sourceTree = "<group>";
		};
/* End PBXGroup section */

/* Begin PBXNativeTarget section */
		319ECA66270BA59900A5E19C /* Random-Number-Generator-Example */ = {
			isa = PBXNativeTarget;
			buildConfigurationList = 319ECA75270BA59A00A5E19C /* Build configuration list for PBXNativeTarget "Random-Number-Generator-Example" */;
			buildPhases = (
				E8AEA2D94738641CA280AECF /* [CP] Check Pods Manifest.lock */,
				319ECA63270BA59900A5E19C /* Sources */,
				319ECA64270BA59900A5E19C /* Frameworks */,
				319ECA65270BA59900A5E19C /* Resources */,
				E937672286EE66FBC9AE2428 /* [CP] Embed Pods Frameworks */,
			);
			buildRules = (
			);
			dependencies = (
			);
			name = "Random-Number-Generator-Example";
			productName = "Random-Number-Generator-Example";
			productReference = 319ECA67270BA59900A5E19C /* Random-Number-Generator-Example.app */;
			productType = "com.apple.product-type.application";
		};
/* End PBXNativeTarget section */

/* Begin PBXProject section */
		319ECA5F270BA59900A5E19C /* Project object */ = {
			isa = PBXProject;
			attributes = {
				BuildIndependentTargetsInParallel = 1;
				LastSwiftUpdateCheck = 1300;
				LastUpgradeCheck = 1300;
				TargetAttributes = {
					319ECA66270BA59900A5E19C = {
						CreatedOnToolsVersion = 13.0;
					};
				};
			};
			buildConfigurationList = 319ECA62270BA59900A5E19C /* Build configuration list for PBXProject "Random-Number-Generator-Example" */;
			compatibilityVersion = "Xcode 13.0";
			developmentRegion = en;
			hasScannedForEncodings = 0;
			knownRegions = (
				en,
				Base,
			);
			mainGroup = 319ECA5E270BA59900A5E19C;
			productRefGroup = 319ECA68270BA59900A5E19C /* Products */;
			projectDirPath = "";
			projectRoot = "";
			targets = (
				319ECA66270BA59900A5E19C /* Random-Number-Generator-Example */,
			);
		};
/* End PBXProject section */

/* Begin PBXResourcesBuildPhase section */
		319ECA65270BA59900A5E19C /* Resources */ = {
			isa = PBXResourcesBuildPhase;
			buildActionMask = 2147483647;
			files = (
				31F9D82F2717841900FB34FA /* randomnumber_v1.tar in Resources */,
				31817D13270F788E00962DDE /* Developer-ID-Token in Resources */,
				319ECA72270BA59A00A5E19C /* Preview Assets.xcassets in Resources */,
				317D0F722C0501EA0035611B /* Developer-mim-OE-License in Resources */,
				319ECA6F270BA59A00A5E19C /* Assets.xcassets in Resources */,
			);
			runOnlyForDeploymentPostprocessing = 0;
		};
/* End PBXResourcesBuildPhase section */

/* Begin PBXShellScriptBuildPhase section */
		E8AEA2D94738641CA280AECF /* [CP] Check Pods Manifest.lock */ = {
			isa = PBXShellScriptBuildPhase;
			buildActionMask = 2147483647;
			files = (
			);
			inputFileListPaths = (
			);
			inputPaths = (
				"${PODS_PODFILE_DIR_PATH}/Podfile.lock",
				"${PODS_ROOT}/Manifest.lock",
			);
			name = "[CP] Check Pods Manifest.lock";
			outputFileListPaths = (
			);
			outputPaths = (
				"$(DERIVED_FILE_DIR)/Pods-Random-Number-Generator-Example-checkManifestLockResult.txt",
			);
			runOnlyForDeploymentPostprocessing = 0;
			shellPath = /bin/sh;
			shellScript = "diff \"${PODS_PODFILE_DIR_PATH}/Podfile.lock\" \"${PODS_ROOT}/Manifest.lock\" > /dev/null\nif [ $? != 0 ] ; then\n    # print error to STDERR\n    echo \"error: The sandbox is not in sync with the Podfile.lock. Run 'pod install' or update your CocoaPods installation.\" >&2\n    exit 1\nfi\n# This output is used by Xcode 'outputs' to avoid re-running this script phase.\necho \"SUCCESS\" > \"${SCRIPT_OUTPUT_FILE_0}\"\n";
			showEnvVarsInLog = 0;
		};
		E937672286EE66FBC9AE2428 /* [CP] Embed Pods Frameworks */ = {
			isa = PBXShellScriptBuildPhase;
			buildActionMask = 2147483647;
			files = (
			);
			inputFileListPaths = (
				"${PODS_ROOT}/Target Support Files/Pods-Random-Number-Generator-Example/Pods-Random-Number-Generator-Example-frameworks-${CONFIGURATION}-input-files.xcfilelist",
			);
			name = "[CP] Embed Pods Frameworks";
			outputFileListPaths = (
				"${PODS_ROOT}/Target Support Files/Pods-Random-Number-Generator-Example/Pods-Random-Number-Generator-Example-frameworks-${CONFIGURATION}-output-files.xcfilelist",
			);
			runOnlyForDeploymentPostprocessing = 0;
			shellPath = /bin/sh;
			shellScript = "\"${PODS_ROOT}/Target Support Files/Pods-Random-Number-Generator-Example/Pods-Random-Number-Generator-Example-frameworks.sh\"\n";
			showEnvVarsInLog = 0;
		};
/* End PBXShellScriptBuildPhase section */

/* Begin PBXSourcesBuildPhase section */
		319ECA63270BA59900A5E19C /* Sources */ = {
			isa = PBXSourcesBuildPhase;
			buildActionMask = 2147483647;
			files = (
				319ECA6D270BA59900A5E19C /* ContentView.swift in Sources */,
				31DCC23C270F881900CBFC6F /* MainActivity.swift in Sources */,
				319ECA6B270BA59900A5E19C /* Random_Number_Generator_ExampleApp.swift in Sources */,
			);
			runOnlyForDeploymentPostprocessing = 0;
		};
/* End PBXSourcesBuildPhase section */

/* Begin XCBuildConfiguration section */
		319ECA73270BA59A00A5E19C /* Debug */ = {
			isa = XCBuildConfiguration;
			buildSettings = {
				ALWAYS_SEARCH_USER_PATHS = NO;
				CLANG_WARN_BLOCK_CAPTURE_AUTORELEASING = YES;
				CLANG_WARN_BOOL_CONVERSION = YES;
				CLANG_WARN_COMMA = YES;
				CLANG_WARN_CONSTANT_CONVERSION = YES;
				CLANG_WARN_DOCUMENTATION_COMMENTS = YES;
				CLANG_WARN_EMPTY_BODY = YES;
				CLANG_WARN_ENUM_CONVERSION = YES;
				CLANG_WARN_INFINITE_RECURSION = YES;
				CLANG_WARN_INT_CONVERSION = YES;
				CLANG_WARN_NON_LITERAL_NULL_CONVERSION = YES;
				CLANG_WARN_QUOTED_INCLUDE_IN_FRAMEWORK_HEADER = YES;
				CLANG_WARN_STRICT_PROTOTYPES = YES;
				CLANG_WARN_UNGUARDED_AVAILABILITY = YES_AGGRESSIVE;
				CLANG_WARN_UNREACHABLE_CODE = YES;
				COPY_PHASE_STRIP = NO;
				ENABLE_TESTABILITY = YES;
				GCC_WARN_64_TO_32_BIT_CONVERSION = YES;
				GCC_WARN_ABOUT_RETURN_TYPE = YES_ERROR;
				GCC_WARN_UNINITIALIZED_AUTOS = YES_AGGRESSIVE;
				GCC_WARN_UNUSED_FUNCTION = YES;
				GCC_WARN_UNUSED_VARIABLE = YES;
				INFOPLIST_KEY_UIApplicationSceneManifest_Generation = YES;
				INFOPLIST_KEY_UILaunchScreen_Generation = YES;
				IPHONEOS_DEPLOYMENT_TARGET = 17.0;
				ONLY_ACTIVE_ARCH = YES;
				SDKROOT = iphoneos;
			};
			name = Debug;
		};
		319ECA74270BA59A00A5E19C /* Release */ = {
			isa = XCBuildConfiguration;
			buildSettings = {
				ALWAYS_SEARCH_USER_PATHS = NO;
				CLANG_WARN_BLOCK_CAPTURE_AUTORELEASING = YES;
				CLANG_WARN_BOOL_CONVERSION = YES;
				CLANG_WARN_COMMA = YES;
				CLANG_WARN_CONSTANT_CONVERSION = YES;
				CLANG_WARN_DOCUMENTATION_COMMENTS = YES;
				CLANG_WARN_EMPTY_BODY = YES;
				CLANG_WARN_ENUM_CONVERSION = YES;
				CLANG_WARN_INFINITE_RECURSION = YES;
				CLANG_WARN_INT_CONVERSION = YES;
				CLANG_WARN_NON_LITERAL_NULL_CONVERSION = YES;
				CLANG_WARN_QUOTED_INCLUDE_IN_FRAMEWORK_HEADER = YES;
				CLANG_WARN_STRICT_PROTOTYPES = YES;
				CLANG_WARN_UNGUARDED_AVAILABILITY = YES_AGGRESSIVE;
				CLANG_WARN_UNREACHABLE_CODE = YES;
				COPY_PHASE_STRIP = NO;
				GCC_WARN_64_TO_32_BIT_CONVERSION = YES;
				GCC_WARN_ABOUT_RETURN_TYPE = YES_ERROR;
				GCC_WARN_UNINITIALIZED_AUTOS = YES_AGGRESSIVE;
				GCC_WARN_UNUSED_FUNCTION = YES;
				GCC_WARN_UNUSED_VARIABLE = YES;
				INFOPLIST_KEY_UIApplicationSceneManifest_Generation = YES;
				INFOPLIST_KEY_UILaunchScreen_Generation = YES;
				IPHONEOS_DEPLOYMENT_TARGET = 17.0;
				SDKROOT = iphoneos;
				VALIDATE_PRODUCT = YES;
			};
			name = Release;
		};
		319ECA76270BA59A00A5E19C /* Debug */ = {
			isa = XCBuildConfiguration;
			baseConfigurationReference = E850FDA9E3105439121D46D9 /* Pods-Random-Number-Generator-Example.debug.xcconfig */;
			buildSettings = {
				ASSETCATALOG_COMPILER_APPICON_NAME = AppIcon;
				ASSETCATALOG_COMPILER_GLOBAL_ACCENT_COLOR_NAME = AccentColor;
				CURRENT_PROJECT_VERSION = 1;
				DEVELOPMENT_ASSET_PATHS = "\"Random-Number-Generator-Example/Preview Content\"";
				DEVELOPMENT_TEAM = GL288K3PB5;
				GENERATE_INFOPLIST_FILE = YES;
				IPHONEOS_DEPLOYMENT_TARGET = 17.0;
				LD_RUNPATH_SEARCH_PATHS = (
					"$(inherited)",
					"@executable_path/Frameworks",
				);
				MARKETING_VERSION = 1.0;
				PRODUCT_BUNDLE_IDENTIFIER = "com.mimik.Random-Number-Generator-Example";
				PRODUCT_NAME = "$(TARGET_NAME)";
				SUPPORTED_PLATFORMS = "iphoneos iphonesimulator";
				SUPPORTS_MACCATALYST = NO;
				SUPPORTS_MAC_DESIGNED_FOR_IPHONE_IPAD = NO;
				SUPPORTS_XR_DESIGNED_FOR_IPHONE_IPAD = NO;
				SWIFT_VERSION = 5.0;
				TARGETED_DEVICE_FAMILY = "1,2";
			};
			name = Debug;
		};
		319ECA77270BA59A00A5E19C /* Release */ = {
			isa = XCBuildConfiguration;
			baseConfigurationReference = 91809A89FD1A0BD477E89E42 /* Pods-Random-Number-Generator-Example.release.xcconfig */;
			buildSettings = {
				ASSETCATALOG_COMPILER_APPICON_NAME = AppIcon;
				ASSETCATALOG_COMPILER_GLOBAL_ACCENT_COLOR_NAME = AccentColor;
				CURRENT_PROJECT_VERSION = 1;
				DEVELOPMENT_ASSET_PATHS = "\"Random-Number-Generator-Example/Preview Content\"";
				DEVELOPMENT_TEAM = GL288K3PB5;
				GENERATE_INFOPLIST_FILE = YES;
				IPHONEOS_DEPLOYMENT_TARGET = 17.0;
				LD_RUNPATH_SEARCH_PATHS = (
					"$(inherited)",
					"@executable_path/Frameworks",
				);
				MARKETING_VERSION = 1.0;
				PRODUCT_BUNDLE_IDENTIFIER = "com.mimik.Random-Number-Generator-Example";
				PRODUCT_NAME = "$(TARGET_NAME)";
				SUPPORTED_PLATFORMS = "iphoneos iphonesimulator";
				SUPPORTS_MACCATALYST = NO;
				SUPPORTS_MAC_DESIGNED_FOR_IPHONE_IPAD = NO;
				SUPPORTS_XR_DESIGNED_FOR_IPHONE_IPAD = NO;
				SWIFT_VERSION = 5.0;
				TARGETED_DEVICE_FAMILY = "1,2";
			};
			name = Release;
		};
/* End XCBuildConfiguration section */

/* Begin XCConfigurationList section */
		319ECA62270BA59900A5E19C /* Build configuration list for PBXProject "Random-Number-Generator-Example" */ = {
			isa = XCConfigurationList;
			buildConfigurations = (
				319ECA73270BA59A00A5E19C /* Debug */,
				319ECA74270BA59A00A5E19C /* Release */,
			);
			defaultConfigurationIsVisible = 0;
			defaultConfigurationName = Release;
		};
		319ECA75270BA59A00A5E19C /* Build configuration list for PBXNativeTarget "Random-Number-Generator-Example" */ = {
			isa = XCConfigurationList;
			buildConfigurations = (
				319ECA76270BA59A00A5E19C /* Debug */,
				319ECA77270BA59A00A5E19C /* Release */,
			);
			defaultConfigurationIsVisible = 0;
			defaultConfigurationName = Release;
		};
/* End XCConfigurationList section */
	};
	rootObject = 319ECA5F270BA59900A5E19C /* Project object */;
}
